
Microsoft Visual Studio Solution File, Format Version 12.00
Project("{FAE04EC0-301F-11D3-BF4B-00C04F79EFBC}") = "ASP.NET.ProjectTime", "ASP.NET.ProjectTime\ASP.NET.ProjectTime.csproj", "{E505AD3A-462B-40BD-9CEC-FD36FBEE765D}"
EndProject
Global
	GlobalSection(SolutionConfigurationPlatforms) = preSolution
		Debug|Any CPU = Debug|Any CPU
		Release|Any CPU = Release|Any CPU
	EndGlobalSection
	GlobalSection(ProjectConfigurationPlatforms) = postSolution
		{E505AD3A-462B-40BD-9CEC-FD36FBEE765D}.Debug|Any CPU.ActiveCfg = Debug|Any CPU
		{E505AD3A-462B-40BD-9CEC-FD36FBEE765D}.Debug|Any CPU.Build.0 = Debug|Any CPU
		{E505AD3A-462B-40BD-9CEC-FD36FBEE765D}.Release|Any CPU.ActiveCfg = Release|Any CPU
		{E505AD3A-462B-40BD-9CEC-FD36FBEE765D}.Release|Any CPU.Build.0 = Release|Any CPU
	EndGlobalSection
EndGlobal
